// !$*UTF8*$!
{
	archiveVersion = 1;
	classes = {
	};
	objectVersion = 46;
	objects = {

/* Begin PBXBuildFile section */
		CC5A674C1D35F71B008AE01A /* main.m in Sources */ = {isa = PBXBuildFile; fileRef = CC5A674B1D35F71B008AE01A /* main.m */; };
		CC5A67551D35F71B008AE01A /* Main.storyboard in Resources */ = {isa = PBXBuildFile; fileRef = CC5A67531D35F71B008AE01A /* Main.storyboard */; };
		CC5A67571D35F71B008AE01A /* Assets.xcassets in Resources */ = {isa = PBXBuildFile; fileRef = CC5A67561D35F71B008AE01A /* Assets.xcassets */; };
		CC5A675A1D35F71B008AE01A /* LaunchScreen.storyboard in Resources */ = {isa = PBXBuildFile; fileRef = CC5A67581D35F71B008AE01A /* LaunchScreen.storyboard */; };
		CC5A677B1D35F758008AE01A /* SWAppDelegate.m in Sources */ = {isa = PBXBuildFile; fileRef = CC5A67641D35F758008AE01A /* SWAppDelegate.m */; };
		CC5A677C1D35F758008AE01A /* BaseOrganViewController.m in Sources */ = {isa = PBXBuildFile; fileRef = CC5A67681D35F758008AE01A /* BaseOrganViewController.m */; };
		CC5A677D1D35F758008AE01A /* BaseShowViewController.m in Sources */ = {isa = PBXBuildFile; fileRef = CC5A676A1D35F758008AE01A /* BaseShowViewController.m */; };
		CC5A677E1D35F758008AE01A /* BaseSwitchViewController.m in Sources */ = {isa = PBXBuildFile; fileRef = CC5A676C1D35F758008AE01A /* BaseSwitchViewController.m */; };
		CC5A677F1D35F758008AE01A /* BaseViewController.m in Sources */ = {isa = PBXBuildFile; fileRef = CC5A676E1D35F758008AE01A /* BaseViewController.m */; };
		CC5A67821D35F758008AE01A /* BaseModel.m in Sources */ = {isa = PBXBuildFile; fileRef = CC5A677A1D35F758008AE01A /* BaseModel.m */; };
		CC6EF8B81D361C25000A9B44 /* RootViewController.m in Sources */ = {isa = PBXBuildFile; fileRef = CC6EF8B71D361C25000A9B44 /* RootViewController.m */; };
		CC6EF8C31D3622B6000A9B44 /* BaseOrganCollectionViewCell.m in Sources */ = {isa = PBXBuildFile; fileRef = CC6EF8BF1D3622B6000A9B44 /* BaseOrganCollectionViewCell.m */; };
		CC6EF8C41D3622B6000A9B44 /* BaseOrganCollectionViewCell.xib in Resources */ = {isa = PBXBuildFile; fileRef = CC6EF8C01D3622B6000A9B44 /* BaseOrganCollectionViewCell.xib */; };
		CC6EF8C51D3622B6000A9B44 /* SWTabBar.m in Sources */ = {isa = PBXBuildFile; fileRef = CC6EF8C21D3622B6000A9B44 /* SWTabBar.m */; };
		CC6EF8DF1D36377C000A9B44 /* SWNavigationViewController.m in Sources */ = {isa = PBXBuildFile; fileRef = CC6EF8DE1D36377C000A9B44 /* SWNavigationViewController.m */; };
		CC6EF8E91D364018000A9B44 /* Book.png in Resources */ = {isa = PBXBuildFile; fileRef = CC6EF8E11D364018000A9B44 /* Book.png */; };
		CC6EF8EA1D364018000A9B44 /* Book_Selected.png in Resources */ = {isa = PBXBuildFile; fileRef = CC6EF8E21D364018000A9B44 /* Book_Selected.png */; };
		CC6EF8EB1D364018000A9B44 /* Fireworks.png in Resources */ = {isa = PBXBuildFile; fileRef = CC6EF8E31D364018000A9B44 /* Fireworks.png */; };
		CC6EF8EC1D364018000A9B44 /* Fireworks_Selected.png in Resources */ = {isa = PBXBuildFile; fileRef = CC6EF8E41D364018000A9B44 /* Fireworks_Selected.png */; };
		CC6EF8ED1D364018000A9B44 /* Picture.png in Resources */ = {isa = PBXBuildFile; fileRef = CC6EF8E51D364018000A9B44 /* Picture.png */; };
		CC6EF8EE1D364018000A9B44 /* Picture_Selected.png in Resources */ = {isa = PBXBuildFile; fileRef = CC6EF8E61D364018000A9B44 /* Picture_Selected.png */; };
		CC6EF8EF1D364018000A9B44 /* User.png in Resources */ = {isa = PBXBuildFile; fileRef = CC6EF8E71D364018000A9B44 /* User.png */; };
		CC6EF8F01D364018000A9B44 /* User_Selected.png in Resources */ = {isa = PBXBuildFile; fileRef = CC6EF8E81D364018000A9B44 /* User_Selected.png */; };
/* End PBXBuildFile section */

/* Begin PBXFileReference section */
		CC5A67471D35F71B008AE01A /* NiceExchange.app */ = {isa = PBXFileReference; explicitFileType = wrapper.application; includeInIndex = 0; path = NiceExchange.app; sourceTree = BUILT_PRODUCTS_DIR; };
		CC5A674B1D35F71B008AE01A /* main.m */ = {isa = PBXFileReference; lastKnownFileType = sourcecode.c.objc; path = main.m; sourceTree = "<group>"; };
		CC5A67541D35F71B008AE01A /* Base */ = {isa = PBXFileReference; lastKnownFileType = file.storyboard; name = Base; path = Base.lproj/Main.storyboard; sourceTree = "<group>"; };
		CC5A67561D35F71B008AE01A /* Assets.xcassets */ = {isa = PBXFileReference; lastKnownFileType = folder.assetcatalog; path = Assets.xcassets; sourceTree = "<group>"; };
		CC5A67591D35F71B008AE01A /* Base */ = {isa = PBXFileReference; lastKnownFileType = file.storyboard; name = Base; path = Base.lproj/LaunchScreen.storyboard; sourceTree = "<group>"; };
		CC5A675B1D35F71B008AE01A /* Info.plist */ = {isa = PBXFileReference; lastKnownFileType = text.plist.xml; path = Info.plist; sourceTree = "<group>"; };
		CC5A67631D35F758008AE01A /* SWAppDelegate.h */ = {isa = PBXFileReference; fileEncoding = 4; lastKnownFileType = sourcecode.c.h; path = SWAppDelegate.h; sourceTree = "<group>"; };
		CC5A67641D35F758008AE01A /* SWAppDelegate.m */ = {isa = PBXFileReference; fileEncoding = 4; lastKnownFileType = sourcecode.c.objc; path = SWAppDelegate.m; sourceTree = "<group>"; };
		CC5A67671D35F758008AE01A /* BaseOrganViewController.h */ = {isa = PBXFileReference; fileEncoding = 4; lastKnownFileType = sourcecode.c.h; path = BaseOrganViewController.h; sourceTree = "<group>"; };
		CC5A67681D35F758008AE01A /* BaseOrganViewController.m */ = {isa = PBXFileReference; fileEncoding = 4; lastKnownFileType = sourcecode.c.objc; path = BaseOrganViewController.m; sourceTree = "<group>"; };
		CC5A67691D35F758008AE01A /* BaseShowViewController.h */ = {isa = PBXFileReference; fileEncoding = 4; lastKnownFileType = sourcecode.c.h; path = BaseShowViewController.h; sourceTree = "<group>"; };
		CC5A676A1D35F758008AE01A /* BaseShowViewController.m */ = {isa = PBXFileReference; fileEncoding = 4; lastKnownFileType = sourcecode.c.objc; path = BaseShowViewController.m; sourceTree = "<group>"; };
		CC5A676B1D35F758008AE01A /* BaseSwitchViewController.h */ = {isa = PBXFileReference; fileEncoding = 4; lastKnownFileType = sourcecode.c.h; path = BaseSwitchViewController.h; sourceTree = "<group>"; };
		CC5A676C1D35F758008AE01A /* BaseSwitchViewController.m */ = {isa = PBXFileReference; fileEncoding = 4; lastKnownFileType = sourcecode.c.objc; path = BaseSwitchViewController.m; sourceTree = "<group>"; };
		CC5A676D1D35F758008AE01A /* BaseViewController.h */ = {isa = PBXFileReference; fileEncoding = 4; lastKnownFileType = sourcecode.c.h; path = BaseViewController.h; sourceTree = "<group>"; };
		CC5A676E1D35F758008AE01A /* BaseViewController.m */ = {isa = PBXFileReference; fileEncoding = 4; lastKnownFileType = sourcecode.c.objc; path = BaseViewController.m; sourceTree = "<group>"; };
		CC5A67771D35F758008AE01A /* PrefixHeader.pch */ = {isa = PBXFileReference; fileEncoding = 4; lastKnownFileType = sourcecode.c.h; path = PrefixHeader.pch; sourceTree = "<group>"; };
		CC5A67791D35F758008AE01A /* BaseModel.h */ = {isa = PBXFileReference; fileEncoding = 4; lastKnownFileType = sourcecode.c.h; path = BaseModel.h; sourceTree = "<group>"; };
		CC5A677A1D35F758008AE01A /* BaseModel.m */ = {isa = PBXFileReference; fileEncoding = 4; lastKnownFileType = sourcecode.c.objc; path = BaseModel.m; sourceTree = "<group>"; };
		CC6EF8B61D361C25000A9B44 /* RootViewController.h */ = {isa = PBXFileReference; fileEncoding = 4; lastKnownFileType = sourcecode.c.h; path = RootViewController.h; sourceTree = "<group>"; };
		CC6EF8B71D361C25000A9B44 /* RootViewController.m */ = {isa = PBXFileReference; fileEncoding = 4; lastKnownFileType = sourcecode.c.objc; path = RootViewController.m; sourceTree = "<group>"; };
		CC6EF8BE1D3622B6000A9B44 /* BaseOrganCollectionViewCell.h */ = {isa = PBXFileReference; fileEncoding = 4; lastKnownFileType = sourcecode.c.h; path = BaseOrganCollectionViewCell.h; sourceTree = "<group>"; };
		CC6EF8BF1D3622B6000A9B44 /* BaseOrganCollectionViewCell.m */ = {isa = PBXFileReference; fileEncoding = 4; lastKnownFileType = sourcecode.c.objc; path = BaseOrganCollectionViewCell.m; sourceTree = "<group>"; };
		CC6EF8C01D3622B6000A9B44 /* BaseOrganCollectionViewCell.xib */ = {isa = PBXFileReference; fileEncoding = 4; lastKnownFileType = file.xib; path = BaseOrganCollectionViewCell.xib; sourceTree = "<group>"; };
		CC6EF8C11D3622B6000A9B44 /* SWTabBar.h */ = {isa = PBXFileReference; fileEncoding = 4; lastKnownFileType = sourcecode.c.h; path = SWTabBar.h; sourceTree = "<group>"; };
		CC6EF8C21D3622B6000A9B44 /* SWTabBar.m */ = {isa = PBXFileReference; fileEncoding = 4; lastKnownFileType = sourcecode.c.objc; path = SWTabBar.m; sourceTree = "<group>"; };
		CC6EF8DD1D36377C000A9B44 /* SWNavigationViewController.h */ = {isa = PBXFileReference; fileEncoding = 4; lastKnownFileType = sourcecode.c.h; path = SWNavigationViewController.h; sourceTree = "<group>"; };
		CC6EF8DE1D36377C000A9B44 /* SWNavigationViewController.m */ = {isa = PBXFileReference; fileEncoding = 4; lastKnownFileType = sourcecode.c.objc; path = SWNavigationViewController.m; sourceTree = "<group>"; };
		CC6EF8E11D364018000A9B44 /* Book.png */ = {isa = PBXFileReference; lastKnownFileType = image.png; path = Book.png; sourceTree = "<group>"; };
		CC6EF8E21D364018000A9B44 /* Book_Selected.png */ = {isa = PBXFileReference; lastKnownFileType = image.png; path = Book_Selected.png; sourceTree = "<group>"; };
		CC6EF8E31D364018000A9B44 /* Fireworks.png */ = {isa = PBXFileReference; lastKnownFileType = image.png; path = Fireworks.png; sourceTree = "<group>"; };
		CC6EF8E41D364018000A9B44 /* Fireworks_Selected.png */ = {isa = PBXFileReference; lastKnownFileType = image.png; path = Fireworks_Selected.png; sourceTree = "<group>"; };
		CC6EF8E51D364018000A9B44 /* Picture.png */ = {isa = PBXFileReference; lastKnownFileType = image.png; path = Picture.png; sourceTree = "<group>"; };
		CC6EF8E61D364018000A9B44 /* Picture_Selected.png */ = {isa = PBXFileReference; lastKnownFileType = image.png; path = Picture_Selected.png; sourceTree = "<group>"; };
		CC6EF8E71D364018000A9B44 /* User.png */ = {isa = PBXFileReference; lastKnownFileType = image.png; path = User.png; sourceTree = "<group>"; };
		CC6EF8E81D364018000A9B44 /* User_Selected.png */ = {isa = PBXFileReference; lastKnownFileType = image.png; path = User_Selected.png; sourceTree = "<group>"; };
/* End PBXFileReference section */

/* Begin PBXFrameworksBuildPhase section */
		CC5A67441D35F71B008AE01A /* Frameworks */ = {
			isa = PBXFrameworksBuildPhase;
			buildActionMask = 2147483647;
			files = (
			);
			runOnlyForDeploymentPostprocessing = 0;
		};
/* End PBXFrameworksBuildPhase section */

/* Begin PBXGroup section */
		CC5A673E1D35F71B008AE01A = {
			isa = PBXGroup;
			children = (
				CC5A67491D35F71B008AE01A /* NiceExchange */,
				CC5A67481D35F71B008AE01A /* Products */,
			);
			sourceTree = "<group>";
		};
		CC5A67481D35F71B008AE01A /* Products */ = {
			isa = PBXGroup;
			children = (
				CC5A67471D35F71B008AE01A /* NiceExchange.app */,
			);
			name = Products;
			sourceTree = "<group>";
		};
		CC5A67491D35F71B008AE01A /* NiceExchange */ = {
			isa = PBXGroup;
			children = (
				CC5A67611D35F758008AE01A /* Classes */,
				CC5A67531D35F71B008AE01A /* Main.storyboard */,
				CC5A674A1D35F71B008AE01A /* Supporting Files */,
			);
			path = NiceExchange;
			sourceTree = "<group>";
		};
		CC5A674A1D35F71B008AE01A /* Supporting Files */ = {
			isa = PBXGroup;
			children = (
				CC5A67561D35F71B008AE01A /* Assets.xcassets */,
				CC5A67581D35F71B008AE01A /* LaunchScreen.storyboard */,
				CC5A675B1D35F71B008AE01A /* Info.plist */,
				CC5A674B1D35F71B008AE01A /* main.m */,
			);
			name = "Supporting Files";
			sourceTree = "<group>";
		};
		CC5A67611D35F758008AE01A /* Classes */ = {
			isa = PBXGroup;
			children = (
				CC5A67621D35F758008AE01A /* AppDelegate */,
				CC5A67651D35F758008AE01A /* General */,
				CC5A67781D35F758008AE01A /* Models */,
				CC5A67761D35F758008AE01A /* Macros */,
				CC6EF8C61D362F01000A9B44 /* Helpers */,
				CC6EF8C71D362F01000A9B44 /* Resources */,
				CC6EF8C81D362F01000A9B44 /* Scenes */,
				CC6EF8CB1D362F01000A9B44 /* Vendors */,
			);
			path = Classes;
			sourceTree = "<group>";
		};
		CC5A67621D35F758008AE01A /* AppDelegate */ = {
			isa = PBXGroup;
			children = (
				CC5A67631D35F758008AE01A /* SWAppDelegate.h */,
				CC5A67641D35F758008AE01A /* SWAppDelegate.m */,
			);
			path = AppDelegate;
			sourceTree = "<group>";
		};
		CC5A67651D35F758008AE01A /* General */ = {
			isa = PBXGroup;
			children = (
				CC5A67661D35F758008AE01A /* ViewControllers */,
				CC6EF8BC1D3622B6000A9B44 /* Views */,
			);
			path = General;
			sourceTree = "<group>";
		};
		CC5A67661D35F758008AE01A /* ViewControllers */ = {
			isa = PBXGroup;
			children = (
				CC6EF8B61D361C25000A9B44 /* RootViewController.h */,
				CC6EF8B71D361C25000A9B44 /* RootViewController.m */,
				CC6EF8DD1D36377C000A9B44 /* SWNavigationViewController.h */,
				CC6EF8DE1D36377C000A9B44 /* SWNavigationViewController.m */,
				CC5A67671D35F758008AE01A /* BaseOrganViewController.h */,
				CC5A67681D35F758008AE01A /* BaseOrganViewController.m */,
				CC5A67691D35F758008AE01A /* BaseShowViewController.h */,
				CC5A676A1D35F758008AE01A /* BaseShowViewController.m */,
				CC5A676B1D35F758008AE01A /* BaseSwitchViewController.h */,
				CC5A676C1D35F758008AE01A /* BaseSwitchViewController.m */,
				CC5A676D1D35F758008AE01A /* BaseViewController.h */,
				CC5A676E1D35F758008AE01A /* BaseViewController.m */,
			);
			path = ViewControllers;
			sourceTree = "<group>";
		};
		CC5A67761D35F758008AE01A /* Macros */ = {
			isa = PBXGroup;
			children = (
				CC5A67771D35F758008AE01A /* PrefixHeader.pch */,
			);
			path = Macros;
			sourceTree = "<group>";
		};
		CC5A67781D35F758008AE01A /* Models */ = {
			isa = PBXGroup;
			children = (
				CC5A67791D35F758008AE01A /* BaseModel.h */,
				CC5A677A1D35F758008AE01A /* BaseModel.m */,
			);
			path = Models;
			sourceTree = "<group>";
		};
		CC6EF8BC1D3622B6000A9B44 /* Views */ = {
			isa = PBXGroup;
			children = (
				CC6EF8BD1D3622B6000A9B44 /* Cells */,
				CC6EF8C11D3622B6000A9B44 /* SWTabBar.h */,
				CC6EF8C21D3622B6000A9B44 /* SWTabBar.m */,
			);
			path = Views;
			sourceTree = "<group>";
		};
		CC6EF8BD1D3622B6000A9B44 /* Cells */ = {
			isa = PBXGroup;
			children = (
				CC6EF8BE1D3622B6000A9B44 /* BaseOrganCollectionViewCell.h */,
				CC6EF8BF1D3622B6000A9B44 /* BaseOrganCollectionViewCell.m */,
				CC6EF8C01D3622B6000A9B44 /* BaseOrganCollectionViewCell.xib */,
			);
			path = Cells;
			sourceTree = "<group>";
		};
		CC6EF8C61D362F01000A9B44 /* Helpers */ = {
			isa = PBXGroup;
			children = (
			);
			path = Helpers;
			sourceTree = "<group>";
		};
		CC6EF8C71D362F01000A9B44 /* Resources */ = {
			isa = PBXGroup;
			children = (
				CC6EF8E01D364018000A9B44 /* tabBarImages */,
			);
			path = Resources;
			sourceTree = "<group>";
		};
		CC6EF8C81D362F01000A9B44 /* Scenes */ = {
			isa = PBXGroup;
			children = (
				CC6EF8C91D362F01000A9B44 /* ViewControllers */,
				CC6EF8CA1D362F01000A9B44 /* Views */,
			);
			path = Scenes;
			sourceTree = "<group>";
		};
		CC6EF8C91D362F01000A9B44 /* ViewControllers */ = {
			isa = PBXGroup;
			children = (
			);
			path = ViewControllers;
			sourceTree = "<group>";
		};
		CC6EF8CA1D362F01000A9B44 /* Views */ = {
			isa = PBXGroup;
			children = (
			);
			path = Views;
			sourceTree = "<group>";
		};
		CC6EF8CB1D362F01000A9B44 /* Vendors */ = {
			isa = PBXGroup;
			children = (
			);
			path = Vendors;
			sourceTree = "<group>";
		};
		CC6EF8E01D364018000A9B44 /* tabBarImages */ = {
			isa = PBXGroup;
			children = (
				CC6EF8E11D364018000A9B44 /* Book.png */,
				CC6EF8E21D364018000A9B44 /* Book_Selected.png */,
				CC6EF8E31D364018000A9B44 /* Fireworks.png */,
				CC6EF8E41D364018000A9B44 /* Fireworks_Selected.png */,
				CC6EF8E51D364018000A9B44 /* Picture.png */,
				CC6EF8E61D364018000A9B44 /* Picture_Selected.png */,
				CC6EF8E71D364018000A9B44 /* User.png */,
				CC6EF8E81D364018000A9B44 /* User_Selected.png */,
			);
			path = tabBarImages;
			sourceTree = "<group>";
		};
/* End PBXGroup section */

/* Begin PBXNativeTarget section */
		CC5A67461D35F71B008AE01A /* NiceExchange */ = {
			isa = PBXNativeTarget;
			buildConfigurationList = CC5A675E1D35F71B008AE01A /* Build configuration list for PBXNativeTarget "NiceExchange" */;
			buildPhases = (
				CC5A67431D35F71B008AE01A /* Sources */,
				CC5A67441D35F71B008AE01A /* Frameworks */,
				CC5A67451D35F71B008AE01A /* Resources */,
			);
			buildRules = (
			);
			dependencies = (
			);
			name = NiceExchange;
			productName = NiceExchange;
			productReference = CC5A67471D35F71B008AE01A /* NiceExchange.app */;
			productType = "com.apple.product-type.application";
		};
/* End PBXNativeTarget section */

/* Begin PBXProject section */
		CC5A673F1D35F71B008AE01A /* Project object */ = {
			isa = PBXProject;
			attributes = {
				LastUpgradeCheck = 0720;
				ORGANIZATIONNAME = Spacewalk;
				TargetAttributes = {
					CC5A67461D35F71B008AE01A = {
						CreatedOnToolsVersion = 7.2.1;
					};
				};
			};
			buildConfigurationList = CC5A67421D35F71B008AE01A /* Build configuration list for PBXProject "NiceExchange" */;
			compatibilityVersion = "Xcode 3.2";
			developmentRegion = English;
			hasScannedForEncodings = 0;
			knownRegions = (
				en,
				Base,
			);
			mainGroup = CC5A673E1D35F71B008AE01A;
			productRefGroup = CC5A67481D35F71B008AE01A /* Products */;
			projectDirPath = "";
			projectRoot = "";
			targets = (
				CC5A67461D35F71B008AE01A /* NiceExchange */,
			);
		};
/* End PBXProject section */

/* Begin PBXResourcesBuildPhase section */
		CC5A67451D35F71B008AE01A /* Resources */ = {
			isa = PBXResourcesBuildPhase;
			buildActionMask = 2147483647;
			files = (
				CC5A675A1D35F71B008AE01A /* LaunchScreen.storyboard in Resources */,
				CC6EF8C41D3622B6000A9B44 /* BaseOrganCollectionViewCell.xib in Resources */,
				CC6EF8E91D364018000A9B44 /* Book.png in Resources */,
				CC6EF8F01D364018000A9B44 /* User_Selected.png in Resources */,
				CC6EF8EA1D364018000A9B44 /* Book_Selected.png in Resources */,
				CC6EF8EB1D364018000A9B44 /* Fireworks.png in Resources */,
				CC6EF8EF1D364018000A9B44 /* User.png in Resources */,
				CC6EF8EC1D364018000A9B44 /* Fireworks_Selected.png in Resources */,
				CC5A67571D35F71B008AE01A /* Assets.xcassets in Resources */,
				CC5A67551D35F71B008AE01A /* Main.storyboard in Resources */,
				CC6EF8ED1D364018000A9B44 /* Picture.png in Resources */,
				CC6EF8EE1D364018000A9B44 /* Picture_Selected.png in Resources */,
			);
			runOnlyForDeploymentPostprocessing = 0;
		};
/* End PBXResourcesBuildPhase section */

/* Begin PBXSourcesBuildPhase section */
		CC5A67431D35F71B008AE01A /* Sources */ = {
			isa = PBXSourcesBuildPhase;
			buildActionMask = 2147483647;
			files = (
				CC5A677E1D35F758008AE01A /* BaseSwitchViewController.m in Sources */,
				CC5A67821D35F758008AE01A /* BaseModel.m in Sources */,
				CC6EF8C31D3622B6000A9B44 /* BaseOrganCollectionViewCell.m in Sources */,
				CC6EF8C51D3622B6000A9B44 /* SWTabBar.m in Sources */,
				CC6EF8DF1D36377C000A9B44 /* SWNavigationViewController.m in Sources */,
				CC5A677F1D35F758008AE01A /* BaseViewController.m in Sources */,
				CC5A677B1D35F758008AE01A /* SWAppDelegate.m in Sources */,
				CC6EF8B81D361C25000A9B44 /* RootViewController.m in Sources */,
				CC5A677C1D35F758008AE01A /* BaseOrganViewController.m in Sources */,
				CC5A677D1D35F758008AE01A /* BaseShowViewController.m in Sources */,
				CC5A674C1D35F71B008AE01A /* main.m in Sources */,
			);
			runOnlyForDeploymentPostprocessing = 0;
		};
/* End PBXSourcesBuildPhase section */

/* Begin PBXVariantGroup section */
		CC5A67531D35F71B008AE01A /* Main.storyboard */ = {
			isa = PBXVariantGroup;
			children = (
				CC5A67541D35F71B008AE01A /* Base */,
			);
			name = Main.storyboard;
			sourceTree = "<group>";
		};
		CC5A67581D35F71B008AE01A /* LaunchScreen.storyboard */ = {
			isa = PBXVariantGroup;
			children = (
				CC5A67591D35F71B008AE01A /* Base */,
			);
			name = LaunchScreen.storyboard;
			sourceTree = "<group>";
		};
/* End PBXVariantGroup section */

/* Begin XCBuildConfiguration section */
		CC5A675C1D35F71B008AE01A /* Debug */ = {
			isa = XCBuildConfiguration;
			buildSettings = {
				ALWAYS_SEARCH_USER_PATHS = NO;
				CLANG_CXX_LANGUAGE_STANDARD = "gnu++0x";
				CLANG_CXX_LIBRARY = "libc++";
				CLANG_ENABLE_MODULES = YES;
				CLANG_ENABLE_OBJC_ARC = YES;
				CLANG_WARN_BOOL_CONVERSION = YES;
				CLANG_WARN_CONSTANT_CONVERSION = YES;
				CLANG_WARN_DIRECT_OBJC_ISA_USAGE = YES_ERROR;
				CLANG_WARN_EMPTY_BODY = YES;
				CLANG_WARN_ENUM_CONVERSION = YES;
				CLANG_WARN_INT_CONVERSION = YES;
				CLANG_WARN_OBJC_ROOT_CLASS = YES_ERROR;
				CLANG_WARN_UNREACHABLE_CODE = YES;
				CLANG_WARN__DUPLICATE_METHOD_MATCH = YES;
				"CODE_SIGN_IDENTITY[sdk=iphoneos*]" = "iPhone Developer";
				COPY_PHASE_STRIP = NO;
				DEBUG_INFORMATION_FORMAT = dwarf;
				ENABLE_STRICT_OBJC_MSGSEND = YES;
				ENABLE_TESTABILITY = YES;
				GCC_C_LANGUAGE_STANDARD = gnu99;
				GCC_DYNAMIC_NO_PIC = NO;
				GCC_NO_COMMON_BLOCKS = YES;
				GCC_OPTIMIZATION_LEVEL = 0;
				GCC_PREPROCESSOR_DEFINITIONS = (
					"DEBUG=1",
					"$(inherited)",
				);
				GCC_WARN_64_TO_32_BIT_CONVERSION = YES;
				GCC_WARN_ABOUT_RETURN_TYPE = YES_ERROR;
				GCC_WARN_UNDECLARED_SELECTOR = YES;
				GCC_WARN_UNINITIALIZED_AUTOS = YES_AGGRESSIVE;
				GCC_WARN_UNUSED_FUNCTION = YES;
				GCC_WARN_UNUSED_VARIABLE = YES;
				IPHONEOS_DEPLOYMENT_TARGET = 9.2;
				MTL_ENABLE_DEBUG_INFO = YES;
				ONLY_ACTIVE_ARCH = YES;
				SDKROOT = iphoneos;
				TARGETED_DEVICE_FAMILY = "1,2";
			};
			name = Debug;
		};
		CC5A675D1D35F71B008AE01A /* Release */ = {
			isa = XCBuildConfiguration;
			buildSettings = {
				ALWAYS_SEARCH_USER_PATHS = NO;
				CLANG_CXX_LANGUAGE_STANDARD = "gnu++0x";
				CLANG_CXX_LIBRARY = "libc++";
				CLANG_ENABLE_MODULES = YES;
				CLANG_ENABLE_OBJC_ARC = YES;
				CLANG_WARN_BOOL_CONVERSION = YES;
				CLANG_WARN_CONSTANT_CONVERSION = YES;
				CLANG_WARN_DIRECT_OBJC_ISA_USAGE = YES_ERROR;
				CLANG_WARN_EMPTY_BODY = YES;
				CLANG_WARN_ENUM_CONVERSION = YES;
				CLANG_WARN_INT_CONVERSION = YES;
				CLANG_WARN_OBJC_ROOT_CLASS = YES_ERROR;
				CLANG_WARN_UNREACHABLE_CODE = YES;
				CLANG_WARN__DUPLICATE_METHOD_MATCH = YES;
				"CODE_SIGN_IDENTITY[sdk=iphoneos*]" = "iPhone Developer";
				COPY_PHASE_STRIP = NO;
				DEBUG_INFORMATION_FORMAT = "dwarf-with-dsym";
				ENABLE_NS_ASSERTIONS = NO;
				ENABLE_STRICT_OBJC_MSGSEND = YES;
				GCC_C_LANGUAGE_STANDARD = gnu99;
				GCC_NO_COMMON_BLOCKS = YES;
				GCC_WARN_64_TO_32_BIT_CONVERSION = YES;
				GCC_WARN_ABOUT_RETURN_TYPE = YES_ERROR;
				GCC_WARN_UNDECLARED_SELECTOR = YES;
				GCC_WARN_UNINITIALIZED_AUTOS = YES_AGGRESSIVE;
				GCC_WARN_UNUSED_FUNCTION = YES;
				GCC_WARN_UNUSED_VARIABLE = YES;
				IPHONEOS_DEPLOYMENT_TARGET = 9.2;
				MTL_ENABLE_DEBUG_INFO = NO;
				SDKROOT = iphoneos;
				TARGETED_DEVICE_FAMILY = "1,2";
				VALIDATE_PRODUCT = YES;
			};
			name = Release;
		};
		CC5A675F1D35F71B008AE01A /* Debug */ = {
			isa = XCBuildConfiguration;
			buildSettings = {
				ASSETCATALOG_COMPILER_APPICON_NAME = AppIcon;
				CODE_SIGN_IDENTITY = "iPhone Developer";
				GCC_PREFIX_HEADER = "$(SRCROOT)/NiceExchange/Classes/Macros/PrefixHeader.pch";
				INFOPLIST_FILE = NiceExchange/Info.plist;
				LD_RUNPATH_SEARCH_PATHS = "$(inherited) @executable_path/Frameworks";
				PRODUCT_BUNDLE_IDENTIFIER = me.icoc.msdyw2.NiceExchange;
				PRODUCT_NAME = "$(TARGET_NAME)";
			};
			name = Debug;
		};
		CC5A67601D35F71B008AE01A /* Release */ = {
			isa = XCBuildConfiguration;
			buildSettings = {
				ASSETCATALOG_COMPILER_APPICON_NAME = AppIcon;
				CODE_SIGN_IDENTITY = "iPhone Developer";
				GCC_PREFIX_HEADER = "$(SRCROOT)/NiceExchange/Classes/Macros/PrefixHeader.pch";
				INFOPLIST_FILE = NiceExchange/Info.plist;
				LD_RUNPATH_SEARCH_PATHS = "$(inherited) @executable_path/Frameworks";
				PRODUCT_BUNDLE_IDENTIFIER = me.icoc.msdyw2.NiceExchange;
				PRODUCT_NAME = "$(TARGET_NAME)";
			};
			name = Release;
		};
/* End XCBuildConfiguration section */

/* Begin XCConfigurationList section */
		CC5A67421D35F71B008AE01A /* Build configuration list for PBXProject "NiceExchange" */ = {
			isa = XCConfigurationList;
			buildConfigurations = (
				CC5A675C1D35F71B008AE01A /* Debug */,
				CC5A675D1D35F71B008AE01A /* Release */,
			);
			defaultConfigurationIsVisible = 0;
			defaultConfigurationName = Release;
		};
		CC5A675E1D35F71B008AE01A /* Build configuration list for PBXNativeTarget "NiceExchange" */ = {
			isa = XCConfigurationList;
			buildConfigurations = (
				CC5A675F1D35F71B008AE01A /* Debug */,
				CC5A67601D35F71B008AE01A /* Release */,
			);
			defaultConfigurationIsVisible = 0;
			defaultConfigurationName = Release;
		};
/* End XCConfigurationList section */
	};
	rootObject = CC5A673F1D35F71B008AE01A /* Project object */;
}
