PODS:
  - AFNetworking (3.1.0):
    - AFNetworking/NSURLSession (= 3.1.0)
    - AFNetworking/Reachability (= 3.1.0)
    - AFNetworking/Security (= 3.1.0)
    - AFNetworking/Serialization (= 3.1.0)
    - AFNetworking/UIKit (= 3.1.0)
  - AFNetworking/NSURLSession (3.1.0):
    - AFNetworking/Reachability
    - AFNetworking/Security
    - AFNetworking/Serialization
  - AFNetworking/Reachability (3.1.0)
  - AFNetworking/Security (3.1.0)
  - AFNetworking/Serialization (3.1.0)
  - AFNetworking/UIKit (3.1.0):
    - AFNetworking/NSURLSession
  - AVOSCloud (3.3.5)
  - AVOSCloudCrashReporting (3.3.5):
    - AVOSCloud

DEPENDENCIES:
  - AFNetworking (~> 3.1.0)
  - AVOSCloud
  - AVOSCloudCrashReporting

SPEC CHECKSUMS:
  AFNetworking: 5e0e199f73d8626b11e79750991f5d173d1f8b67
  AVOSCloud: 1fe170768bee7e05bc3ea86e38d5bddb105cb957
  AVOSCloudCrashReporting: 7ad087db785a25d6ef03cb54c2c0b460eb32dabb

COCOAPODS: 0.39.0
